
Microsoft Visual Studio Solution File, Format Version 12.00
# Visual Studio Version 17
VisualStudioVersion = 17.6.33829.357
MinimumVisualStudioVersion = 10.0.40219.1
Project("{FAE04EC0-301F-11D3-BF4B-00C04F79EFBC}") = "Coffer Systems", "Coffer Systems.csproj", "{86728E94-8281-4023-AC8A-E93409B89001}"
EndProject
Global
	GlobalSection(SolutionConfigurationPlatforms) = preSolution
		Debug|Any CPU = Debug|Any CPU
		Release|Any CPU = Release|Any CPU
	EndGlobalSection
	GlobalSection(ProjectConfigurationPlatforms) = postSolution
		{86728E94-8281-4023-AC8A-E93409B89001}.Debug|Any CPU.ActiveCfg = Debug|Any CPU
		{86728E94-8281-4023-AC8A-E93409B89001}.Debug|Any CPU.Build.0 = Debug|Any CPU
		{86728E94-8281-4023-AC8A-E93409B89001}.Release|Any CPU.ActiveCfg = Release|Any CPU
		{86728E94-8281-4023-AC8A-E93409B89001}.Release|Any CPU.Build.0 = Release|Any CPU
	EndGlobalSection
	GlobalSection(SolutionProperties) = preSolution
		HideSolutionNode = FALSE
	EndGlobalSection
	GlobalSection(ExtensibilityGlobals) = postSolution
		SolutionGuid = {61C79F9F-05DC-41C4-9E49-4E96F99D00A1}
	EndGlobalSection
EndGlobal
